
Microsoft Visual Studio Solution File, Format Version 12.00
# Visual Studio Version 17
VisualStudioVersion = 17.6.33829.357
MinimumVisualStudioVersion = 10.0.40219.1
Project("{9A19103F-16F7-4668-BE54-9A1E7A4F7556}") = "btg-testes-auto", "btg-testes-auto\btg-testes-auto.csproj", "{ACD685AA-752F-4673-9156-52F6133A3A52}"
EndProject
Project("{FAE04EC0-301F-11D3-BF4B-00C04F79EFBC}") = "btg-test", "btg-test\btg-test.csproj", "{14CBE553-867F-4EB5-B766-D616A5E82276}"
EndProject
Global
	GlobalSection(SolutionConfigurationPlatforms) = preSolution
		Debug|Any CPU = Debug|Any CPU
		Release|Any CPU = Release|Any CPU
	EndGlobalSection
	GlobalSection(ProjectConfigurationPlatforms) = postSolution
		{ACD685AA-752F-4673-9156-52F6133A3A52}.Debug|Any CPU.ActiveCfg = Debug|Any CPU
		{ACD685AA-752F-4673-9156-52F6133A3A52}.Debug|Any CPU.Build.0 = Debug|Any CPU
		{ACD685AA-752F-4673-9156-52F6133A3A52}.Release|Any CPU.ActiveCfg = Release|Any CPU
		{ACD685AA-752F-4673-9156-52F6133A3A52}.Release|Any CPU.Build.0 = Release|Any CPU
		{14CBE553-867F-4EB5-B766-D616A5E82276}.Debug|Any CPU.ActiveCfg = Debug|Any CPU
		{14CBE553-867F-4EB5-B766-D616A5E82276}.Debug|Any CPU.Build.0 = Debug|Any CPU
		{14CBE553-867F-4EB5-B766-D616A5E82276}.Release|Any CPU.ActiveCfg = Release|Any CPU
		{14CBE553-867F-4EB5-B766-D616A5E82276}.Release|Any CPU.Build.0 = Release|Any CPU
	EndGlobalSection
	GlobalSection(SolutionProperties) = preSolution
		HideSolutionNode = FALSE
	EndGlobalSection
	GlobalSection(ExtensibilityGlobals) = postSolution
		SolutionGuid = {454B4FEE-35D9-4C65-B8D2-B4C910223E59}
	EndGlobalSection
EndGlobal
