
Microsoft Visual Studio Solution File, Format Version 12.00
# Visual Studio Version 17
VisualStudioVersion = 17.6.33829.357
MinimumVisualStudioVersion = 10.0.40219.1
Project("{9A19103F-16F7-4668-BE54-9A1E7A4F7556}") = "ResistenceSocialNetwork", "src\ResistenceSocialNetwork.csproj", "{790B4BBD-AF39-42E5-8C05-DC641A119641}"
EndProject
Project("{FAE04EC0-301F-11D3-BF4B-00C04F79EFBC}") = "ResistenceSocialNetworkTest", "ResistenceSocialNetworkTest\ResistenceSocialNetworkTest.csproj", "{EAF5A9FB-7BD9-464D-BAC8-ECFFC683B059}"
EndProject
Global
	GlobalSection(SolutionConfigurationPlatforms) = preSolution
		Debug|Any CPU = Debug|Any CPU
		Debug|x64 = Debug|x64
		Debug|x86 = Debug|x86
		Release|Any CPU = Release|Any CPU
		Release|x64 = Release|x64
		Release|x86 = Release|x86
	EndGlobalSection
	GlobalSection(ProjectConfigurationPlatforms) = postSolution
		{790B4BBD-AF39-42E5-8C05-DC641A119641}.Debug|Any CPU.ActiveCfg = Debug|Any CPU
		{790B4BBD-AF39-42E5-8C05-DC641A119641}.Debug|Any CPU.Build.0 = Debug|Any CPU
		{790B4BBD-AF39-42E5-8C05-DC641A119641}.Debug|x64.ActiveCfg = Debug|Any CPU
		{790B4BBD-AF39-42E5-8C05-DC641A119641}.Debug|x64.Build.0 = Debug|Any CPU
		{790B4BBD-AF39-42E5-8C05-DC641A119641}.Debug|x86.ActiveCfg = Debug|Any CPU
		{790B4BBD-AF39-42E5-8C05-DC641A119641}.Debug|x86.Build.0 = Debug|Any CPU
		{790B4BBD-AF39-42E5-8C05-DC641A119641}.Release|Any CPU.ActiveCfg = Release|Any CPU
		{790B4BBD-AF39-42E5-8C05-DC641A119641}.Release|Any CPU.Build.0 = Release|Any CPU
		{790B4BBD-AF39-42E5-8C05-DC641A119641}.Release|x64.ActiveCfg = Release|Any CPU
		{790B4BBD-AF39-42E5-8C05-DC641A119641}.Release|x64.Build.0 = Release|Any CPU
		{790B4BBD-AF39-42E5-8C05-DC641A119641}.Release|x86.ActiveCfg = Release|Any CPU
		{790B4BBD-AF39-42E5-8C05-DC641A119641}.Release|x86.Build.0 = Release|Any CPU
		{EAF5A9FB-7BD9-464D-BAC8-ECFFC683B059}.Debug|Any CPU.ActiveCfg = Debug|Any CPU
		{EAF5A9FB-7BD9-464D-BAC8-ECFFC683B059}.Debug|Any CPU.Build.0 = Debug|Any CPU
		{EAF5A9FB-7BD9-464D-BAC8-ECFFC683B059}.Debug|x64.ActiveCfg = Debug|Any CPU
		{EAF5A9FB-7BD9-464D-BAC8-ECFFC683B059}.Debug|x64.Build.0 = Debug|Any CPU
		{EAF5A9FB-7BD9-464D-BAC8-ECFFC683B059}.Debug|x86.ActiveCfg = Debug|Any CPU
		{EAF5A9FB-7BD9-464D-BAC8-ECFFC683B059}.Debug|x86.Build.0 = Debug|Any CPU
		{EAF5A9FB-7BD9-464D-BAC8-ECFFC683B059}.Release|Any CPU.ActiveCfg = Release|Any CPU
		{EAF5A9FB-7BD9-464D-BAC8-ECFFC683B059}.Release|Any CPU.Build.0 = Release|Any CPU
		{EAF5A9FB-7BD9-464D-BAC8-ECFFC683B059}.Release|x64.ActiveCfg = Release|Any CPU
		{EAF5A9FB-7BD9-464D-BAC8-ECFFC683B059}.Release|x64.Build.0 = Release|Any CPU
		{EAF5A9FB-7BD9-464D-BAC8-ECFFC683B059}.Release|x86.ActiveCfg = Release|Any CPU
		{EAF5A9FB-7BD9-464D-BAC8-ECFFC683B059}.Release|x86.Build.0 = Release|Any CPU
	EndGlobalSection
	GlobalSection(SolutionProperties) = preSolution
		HideSolutionNode = FALSE
	EndGlobalSection
	GlobalSection(ExtensibilityGlobals) = postSolution
		SolutionGuid = {10226441-57D3-45BA-939E-E299DA858C82}
	EndGlobalSection
EndGlobal
